
Microsoft Visual Studio Solution File, Format Version 12.00
# Visual Studio Version 16
VisualStudioVersion = 16.0.33027.164
MinimumVisualStudioVersion = 10.0.40219.1
Project("{FAE04EC0-301F-11D3-BF4B-00C04F79EFBC}") = "QuarzoTecnologiaTest", "QuarzoTecnologiaTest\QuarzoTecnologiaTest.csproj", "{BB030431-0D82-40EC-8C08-FD8A97BF39A0}"
EndProject
Project("{FAE04EC0-301F-11D3-BF4B-00C04F79EFBC}") = "Domain", "Domain\Domain.csproj", "{D8F40846-BF96-4B0D-A744-D67E25B791B5}"
EndProject
Project("{FAE04EC0-301F-11D3-BF4B-00C04F79EFBC}") = "DataAccess", "DataAccess\DataAccess.csproj", "{CD361DB5-A181-4300-992A-51056B3C6661}"
EndProject
Global
	GlobalSection(SolutionConfigurationPlatforms) = preSolution
		Debug|Any CPU = Debug|Any CPU
		Release|Any CPU = Release|Any CPU
	EndGlobalSection
	GlobalSection(ProjectConfigurationPlatforms) = postSolution
		{BB030431-0D82-40EC-8C08-FD8A97BF39A0}.Debug|Any CPU.ActiveCfg = Debug|Any CPU
		{BB030431-0D82-40EC-8C08-FD8A97BF39A0}.Debug|Any CPU.Build.0 = Debug|Any CPU
		{BB030431-0D82-40EC-8C08-FD8A97BF39A0}.Release|Any CPU.ActiveCfg = Release|Any CPU
		{BB030431-0D82-40EC-8C08-FD8A97BF39A0}.Release|Any CPU.Build.0 = Release|Any CPU
		{D8F40846-BF96-4B0D-A744-D67E25B791B5}.Debug|Any CPU.ActiveCfg = Debug|Any CPU
		{D8F40846-BF96-4B0D-A744-D67E25B791B5}.Debug|Any CPU.Build.0 = Debug|Any CPU
		{D8F40846-BF96-4B0D-A744-D67E25B791B5}.Release|Any CPU.ActiveCfg = Release|Any CPU
		{D8F40846-BF96-4B0D-A744-D67E25B791B5}.Release|Any CPU.Build.0 = Release|Any CPU
		{CD361DB5-A181-4300-992A-51056B3C6661}.Debug|Any CPU.ActiveCfg = Debug|Any CPU
		{CD361DB5-A181-4300-992A-51056B3C6661}.Debug|Any CPU.Build.0 = Debug|Any CPU
		{CD361DB5-A181-4300-992A-51056B3C6661}.Release|Any CPU.ActiveCfg = Release|Any CPU
		{CD361DB5-A181-4300-992A-51056B3C6661}.Release|Any CPU.Build.0 = Release|Any CPU
	EndGlobalSection
	GlobalSection(SolutionProperties) = preSolution
		HideSolutionNode = FALSE
	EndGlobalSection
	GlobalSection(ExtensibilityGlobals) = postSolution
		SolutionGuid = {EDBFCC85-EAD0-4C91-A5BD-D3370666D6E7}
	EndGlobalSection
EndGlobal
